{
  "nodes": {
    "baz9k-pkgs": {
      "inputs": {
        "flake-compat": "flake-compat",
        "nixpkgs": [
          "nixpkgs"
        ]
      },
      "locked": {
        "lastModified": 1744690141,
        "narHash": "sha256-0ts00k9Qo8gdQvsJmLYge3oCH/IPok6ox+x+/J9RBJU=",
        "owner": "Bazinga9000",
        "repo": "baz9k-pkgs",
        "rev": "bcaceade2326962f91680aaa8dab6f56696a6ab5",
        "type": "github"
      },
      "original": {
        "owner": "Bazinga9000",
        "repo": "baz9k-pkgs",
        "type": "github"
      }
    },
    "bizhawk": {
      "flake": false,
      "locked": {
        "lastModified": 1744998312,
        "narHash": "sha256-a5OzuV02zJkSNg2KBNDO1fR7abtn/B0KRbWhYuMLUdE=",
        "owner": "TASEmulators",
        "repo": "BizHawk",
        "rev": "508aaa44002c42546db092426da5bb79fffa50b1",
        "type": "github"
      },
      "original": {
        "owner": "TASEmulators",
        "repo": "BizHawk",
        "type": "github"
      }
    },
    "catppuccin": {
      "inputs": {
        "nixpkgs": [
          "nixpkgs"
        ]
      },
      "locked": {
        "lastModified": 1745006048,
        "narHash": "sha256-4ONXaEwnyZGPp84d6wjiqoR4xyTWygUobBTcSkILPzU=",
        "owner": "catppuccin",
        "repo": "nix",
        "rev": "592094a02c4e43a9fa33559ade84d1ca015e8ada",
        "type": "github"
      },
      "original": {
        "owner": "catppuccin",
        "repo": "nix",
        "type": "github"
      }
    },
    "flake-compat": {
      "flake": false,
      "locked": {
        "lastModified": 1733328505,
        "narHash": "sha256-NeCCThCEP3eCl2l/+27kNNK7QrwZB1IJCrXfrbv5oqU=",
        "owner": "edolstra",
        "repo": "flake-compat",
        "rev": "ff81ac966bb2cae68946d5ed5fc4994f96d0ffec",
        "type": "github"
      },
      "original": {
        "owner": "edolstra",
        "repo": "flake-compat",
        "type": "github"
      }
    },
    "flake-compat_2": {
      "locked": {
        "lastModified": 1733328505,
        "narHash": "sha256-NeCCThCEP3eCl2l/+27kNNK7QrwZB1IJCrXfrbv5oqU=",
        "owner": "edolstra",
        "repo": "flake-compat",
        "rev": "ff81ac966bb2cae68946d5ed5fc4994f96d0ffec",
        "type": "github"
      },
      "original": {
        "owner": "edolstra",
        "repo": "flake-compat",
        "type": "github"
      }
    },
    "flake-compat_3": {
      "flake": false,
      "locked": {
        "lastModified": 1696426674,
        "narHash": "sha256-kvjfFW7WAETZlt09AgDn1MrtKzP7t90Vf7vypd3OL1U=",
        "owner": "edolstra",
        "repo": "flake-compat",
        "rev": "0f9255e01c2351cc7d116c072cb317785dd33b33",
        "type": "github"
      },
      "original": {
        "owner": "edolstra",
        "repo": "flake-compat",
        "type": "github"
      }
    },
    "flake-utils": {
      "inputs": {
        "systems": "systems"
      },
      "locked": {
        "lastModified": 1731533236,
        "narHash": "sha256-l0KFg5HjrsfsO/JpG+r7fRrqm12kzFHyUHqHCVpMMbI=",
        "owner": "numtide",
        "repo": "flake-utils",
        "rev": "11707dc2f618dd54ca8739b309ec4fc024de578b",
        "type": "github"
      },
      "original": {
        "owner": "numtide",
        "repo": "flake-utils",
        "type": "github"
      }
    },
    "home-manager": {
      "inputs": {
        "nixpkgs": [
          "nixpkgs"
        ]
      },
      "locked": {
        "lastModified": 1745001336,
        "narHash": "sha256-R4HuzrgYtOYBNmB3lfRxcieHEBO4uSfgHNz4MzWkZ5M=",
        "owner": "nix-community",
        "repo": "home-manager",
        "rev": "fc09cb7aaadb70d6c4898654ffc872f0d2415df9",
        "type": "github"
      },
      "original": {
        "owner": "nix-community",
        "repo": "home-manager",
        "type": "github"
      }
    },
    "nix-alien": {
      "inputs": {
        "flake-compat": "flake-compat_2",
        "nix-index-database": "nix-index-database",
        "nixpkgs": "nixpkgs"
      },
      "locked": {
        "lastModified": 1744704014,
        "narHash": "sha256-UGq8nYSq/feyP0bUjd88jHXA7wJMaSPbtRByp7ZOD30=",
        "owner": "thiagokokada",
        "repo": "nix-alien",
        "rev": "9b92bd3b3d54e02aa0b1881af435802567c2dca9",
        "type": "github"
      },
      "original": {
        "owner": "thiagokokada",
        "repo": "nix-alien",
        "type": "github"
      }
    },
    "nix-index-database": {
      "inputs": {
        "nixpkgs": [
          "nix-alien",
          "nixpkgs"
        ]
      },
      "locked": {
        "lastModified": 1744518957,
        "narHash": "sha256-RLBSWQfTL0v+7uyskC5kP6slLK1jvIuhaAh8QvB75m4=",
        "owner": "nix-community",
        "repo": "nix-index-database",
        "rev": "4fc9ea78c962904f4ea11046f3db37c62e8a02fd",
        "type": "github"
      },
      "original": {
        "owner": "nix-community",
        "repo": "nix-index-database",
        "type": "github"
      }
    },
    "nix-vscode-extensions": {
      "inputs": {
        "flake-utils": "flake-utils",
        "nixpkgs": [
          "nixpkgs"
        ]
      },
      "locked": {
        "lastModified": 1744941256,
        "narHash": "sha256-dCsDco+HQ0rwApyTmmyot9fUVIC0XeWOf/YpB8LZd18=",
        "owner": "nix-community",
        "repo": "nix-vscode-extensions",
        "rev": "0dd8474f697c02ac1861a96f7626f8fb9e21f268",
        "type": "github"
      },
      "original": {
        "owner": "nix-community",
        "repo": "nix-vscode-extensions",
        "type": "github"
      }
    },
    "nixos-xivlauncher-rb": {
      "inputs": {
        "nixpkgs": [
          "nixpkgs"
        ]
      },
      "locked": {
        "lastModified": 1744628919,
        "narHash": "sha256-Qun39X+DPm76z7n1vDbdYmKC/wmTDm/nxV95644WN6Y=",
        "owner": "drakon64",
        "repo": "nixos-xivlauncher-rb",
        "rev": "919a391c8d335d61ba5424042821ccab840ce442",
        "type": "github"
      },
      "original": {
        "owner": "drakon64",
        "repo": "nixos-xivlauncher-rb",
        "type": "github"
      }
    },
    "nixpkgs": {
      "locked": {
        "lastModified": 1744463964,
        "narHash": "sha256-LWqduOgLHCFxiTNYi3Uj5Lgz0SR+Xhw3kr/3Xd0GPTM=",
        "owner": "NixOS",
        "repo": "nixpkgs",
        "rev": "2631b0b7abcea6e640ce31cd78ea58910d31e650",
        "type": "github"
      },
      "original": {
        "owner": "NixOS",
        "ref": "nixos-unstable",
        "repo": "nixpkgs",
        "type": "github"
      }
    },
    "nixpkgs_2": {
      "locked": {
        "lastModified": 1744932701,
        "narHash": "sha256-fusHbZCyv126cyArUwwKrLdCkgVAIaa/fQJYFlCEqiU=",
        "owner": "NixOS",
        "repo": "nixpkgs",
        "rev": "b024ced1aac25639f8ca8fdfc2f8c4fbd66c48ef",
        "type": "github"
      },
      "original": {
        "id": "nixpkgs",
        "ref": "nixos-unstable",
        "type": "indirect"
      }
    },
    "purescript-overlay": {
      "inputs": {
        "flake-compat": "flake-compat_3",
        "nixpkgs": [
          "nixpkgs"
        ],
        "slimlock": "slimlock"
      },
      "locked": {
        "lastModified": 1739795788,
        "narHash": "sha256-PG4lO49fvWHpQoCN3mIGflisXF+5vEf91ceV9hsWTLU=",
        "owner": "thomashoneyman",
        "repo": "purescript-overlay",
        "rev": "f754c2ef94cef46e5d5223c25d3f361e1f6cb509",
        "type": "github"
      },
      "original": {
        "owner": "thomashoneyman",
        "repo": "purescript-overlay",
        "type": "github"
      }
    },
    "root": {
      "inputs": {
        "baz9k-pkgs": "baz9k-pkgs",
        "bizhawk": "bizhawk",
        "catppuccin": "catppuccin",
        "home-manager": "home-manager",
        "nix-alien": "nix-alien",
        "nix-vscode-extensions": "nix-vscode-extensions",
        "nixos-xivlauncher-rb": "nixos-xivlauncher-rb",
        "nixpkgs": "nixpkgs_2",
        "purescript-overlay": "purescript-overlay"
      }
    },
    "slimlock": {
      "inputs": {
        "nixpkgs": [
          "purescript-overlay",
          "nixpkgs"
        ]
      },
      "locked": {
        "lastModified": 1688756706,
        "narHash": "sha256-xzkkMv3neJJJ89zo3o2ojp7nFeaZc2G0fYwNXNJRFlo=",
        "owner": "thomashoneyman",
        "repo": "slimlock",
        "rev": "cf72723f59e2340d24881fd7bf61cb113b4c407c",
        "type": "github"
      },
      "original": {
        "owner": "thomashoneyman",
        "repo": "slimlock",
        "type": "github"
      }
    },
    "systems": {
      "locked": {
        "lastModified": 1681028828,
        "narHash": "sha256-Vy1rq5AaRuLzOxct8nz4T6wlgyUR7zLU309k9mBC768=",
        "owner": "nix-systems",
        "repo": "default",
        "rev": "da67096a3b9bf56a91d16901293e51ba5b49a27e",
        "type": "github"
      },
      "original": {
        "owner": "nix-systems",
        "repo": "default",
        "type": "github"
      }
    }
  },
  "root": "root",
  "version": 7
}
