{
  "nodes": {
    "baz9k-pkgs": {
      "inputs": {
        "flake-compat": "flake-compat",
        "nixpkgs": [
          "nixpkgs"
        ]
      },
      "locked": {
        "lastModified": 1752446166,
        "narHash": "sha256-rhpGWBk5hkwTFj60QGe1VnRO01Kin6dvqtbqtkFVj2o=",
        "owner": "Bazinga9000",
        "repo": "baz9k-pkgs",
        "rev": "506a57ecdb4e42157280a269368e2098feb8517b",
        "type": "github"
      },
      "original": {
        "owner": "Bazinga9000",
        "repo": "baz9k-pkgs",
        "type": "github"
      }
    },
    "bizhawk": {
      "flake": false,
      "locked": {
        "lastModified": 1752390660,
        "narHash": "sha256-bzCkTBDupj0eD6lH0+7wKInyZdUaWByqeeFJGZ7+PE0=",
        "owner": "TASEmulators",
        "repo": "BizHawk",
        "rev": "35ce3f56c58ed8411dca14a0578978ff1fa25f19",
        "type": "github"
      },
      "original": {
        "owner": "TASEmulators",
        "repo": "BizHawk",
        "type": "github"
      }
    },
    "catppuccin": {
      "inputs": {
        "nixpkgs": [
          "nixpkgs"
        ]
      },
      "locked": {
        "lastModified": 1752227483,
        "narHash": "sha256-eetITGJfURryoHY5gfuE9/4sEV9aSgzhPxgsQgofNa8=",
        "owner": "catppuccin",
        "repo": "nix",
        "rev": "5f431aac1a4038c385e6de2d2384d943e4802d61",
        "type": "github"
      },
      "original": {
        "owner": "catppuccin",
        "repo": "nix",
        "type": "github"
      }
    },
    "flake-compat": {
      "flake": false,
      "locked": {
        "lastModified": 1733328505,
        "narHash": "sha256-NeCCThCEP3eCl2l/+27kNNK7QrwZB1IJCrXfrbv5oqU=",
        "owner": "edolstra",
        "repo": "flake-compat",
        "rev": "ff81ac966bb2cae68946d5ed5fc4994f96d0ffec",
        "type": "github"
      },
      "original": {
        "owner": "edolstra",
        "repo": "flake-compat",
        "type": "github"
      }
    },
    "flake-compat_2": {
      "locked": {
        "lastModified": 1747046372,
        "narHash": "sha256-CIVLLkVgvHYbgI2UpXvIIBJ12HWgX+fjA8Xf8PUmqCY=",
        "owner": "edolstra",
        "repo": "flake-compat",
        "rev": "9100a0f413b0c601e0533d1d94ffd501ce2e7885",
        "type": "github"
      },
      "original": {
        "owner": "edolstra",
        "repo": "flake-compat",
        "type": "github"
      }
    },
    "flake-compat_3": {
      "flake": false,
      "locked": {
        "lastModified": 1696426674,
        "narHash": "sha256-kvjfFW7WAETZlt09AgDn1MrtKzP7t90Vf7vypd3OL1U=",
        "owner": "edolstra",
        "repo": "flake-compat",
        "rev": "0f9255e01c2351cc7d116c072cb317785dd33b33",
        "type": "github"
      },
      "original": {
        "owner": "edolstra",
        "repo": "flake-compat",
        "type": "github"
      }
    },
    "home-manager": {
      "inputs": {
        "nixpkgs": [
          "nixpkgs"
        ]
      },
      "locked": {
        "lastModified": 1752402455,
        "narHash": "sha256-mCHfZhQKdTj2JhCFcqfOfa3uKZbwUkPQbd0/zPnhOE8=",
        "owner": "nix-community",
        "repo": "home-manager",
        "rev": "bf893ad4cbf46610dd1b620c974f824e266cd1df",
        "type": "github"
      },
      "original": {
        "owner": "nix-community",
        "repo": "home-manager",
        "type": "github"
      }
    },
    "home-manager_2": {
      "inputs": {
        "nixpkgs": [
          "zen-browser",
          "nixpkgs"
        ]
      },
      "locked": {
        "lastModified": 1743604125,
        "narHash": "sha256-ZD61DNbsBt1mQbinAaaEqKaJk2RFo9R/j+eYWeGMx7A=",
        "owner": "nix-community",
        "repo": "home-manager",
        "rev": "180fd43eea296e62ae68e079fcf56aba268b9a1a",
        "type": "github"
      },
      "original": {
        "owner": "nix-community",
        "repo": "home-manager",
        "type": "github"
      }
    },
    "nix-alien": {
      "inputs": {
        "flake-compat": "flake-compat_2",
        "nix-index-database": "nix-index-database",
        "nixpkgs": "nixpkgs"
      },
      "locked": {
        "lastModified": 1749976779,
        "narHash": "sha256-Mjb4qsu+Fma1cXe1lGo0GqisvsiUeW0LfacziI7C7oM=",
        "owner": "thiagokokada",
        "repo": "nix-alien",
        "rev": "f8716e36f8864e2f50663fde364ddd8dce5d937f",
        "type": "github"
      },
      "original": {
        "owner": "thiagokokada",
        "repo": "nix-alien",
        "type": "github"
      }
    },
    "nix-index-database": {
      "inputs": {
        "nixpkgs": [
          "nix-alien",
          "nixpkgs"
        ]
      },
      "locked": {
        "lastModified": 1749960154,
        "narHash": "sha256-EWlr9MZDd+GoGtZB4QsDzaLyaDQPGnRY03MFp6u2wSg=",
        "owner": "nix-community",
        "repo": "nix-index-database",
        "rev": "424a40050cdc5f494ec45e46462d288f08c64475",
        "type": "github"
      },
      "original": {
        "owner": "nix-community",
        "repo": "nix-index-database",
        "type": "github"
      }
    },
    "nixpkgs": {
      "locked": {
        "lastModified": 1749794982,
        "narHash": "sha256-Kh9K4taXbVuaLC0IL+9HcfvxsSUx8dPB5s5weJcc9pc=",
        "owner": "NixOS",
        "repo": "nixpkgs",
        "rev": "ee930f9755f58096ac6e8ca94a1887e0534e2d81",
        "type": "github"
      },
      "original": {
        "owner": "NixOS",
        "ref": "nixos-unstable",
        "repo": "nixpkgs",
        "type": "github"
      }
    },
    "nixpkgs_2": {
      "locked": {
        "lastModified": 1751984180,
        "narHash": "sha256-LwWRsENAZJKUdD3SpLluwDmdXY9F45ZEgCb0X+xgOL0=",
        "owner": "NixOS",
        "repo": "nixpkgs",
        "rev": "9807714d6944a957c2e036f84b0ff8caf9930bc0",
        "type": "github"
      },
      "original": {
        "id": "nixpkgs",
        "ref": "nixos-unstable",
        "type": "indirect"
      }
    },
    "purescript-overlay": {
      "inputs": {
        "flake-compat": "flake-compat_3",
        "nixpkgs": [
          "nixpkgs"
        ],
        "slimlock": "slimlock"
      },
      "locked": {
        "lastModified": 1750754571,
        "narHash": "sha256-qquerCyD6WhVccAV0qI7NFGwSN7rXslhogPrTaFvWto=",
        "owner": "thomashoneyman",
        "repo": "purescript-overlay",
        "rev": "81513816356c43c6ef604abdf5da41834306a2d5",
        "type": "github"
      },
      "original": {
        "owner": "thomashoneyman",
        "repo": "purescript-overlay",
        "type": "github"
      }
    },
    "root": {
      "inputs": {
        "baz9k-pkgs": "baz9k-pkgs",
        "bizhawk": "bizhawk",
        "catppuccin": "catppuccin",
        "home-manager": "home-manager",
        "nix-alien": "nix-alien",
        "nixpkgs": "nixpkgs_2",
        "purescript-overlay": "purescript-overlay",
        "zen-browser": "zen-browser"
      }
    },
    "slimlock": {
      "inputs": {
        "nixpkgs": [
          "purescript-overlay",
          "nixpkgs"
        ]
      },
      "locked": {
        "lastModified": 1688756706,
        "narHash": "sha256-xzkkMv3neJJJ89zo3o2ojp7nFeaZc2G0fYwNXNJRFlo=",
        "owner": "thomashoneyman",
        "repo": "slimlock",
        "rev": "cf72723f59e2340d24881fd7bf61cb113b4c407c",
        "type": "github"
      },
      "original": {
        "owner": "thomashoneyman",
        "repo": "slimlock",
        "type": "github"
      }
    },
    "zen-browser": {
      "inputs": {
        "home-manager": "home-manager_2",
        "nixpkgs": [
          "nixpkgs"
        ]
      },
      "locked": {
        "lastModified": 1752441511,
        "narHash": "sha256-1CaGtMQ/UhlBfXzdDF2uK0yXPgzTy43qDYTQaV6GrjE=",
        "owner": "0xc000022070",
        "repo": "zen-browser-flake",
        "rev": "d9c8ac0065e977a6776bed89909d82d58b297c65",
        "type": "github"
      },
      "original": {
        "owner": "0xc000022070",
        "repo": "zen-browser-flake",
        "type": "github"
      }
    }
  },
  "root": "root",
  "version": 7
}
