{
  "nodes": {
    "baz9k-pkgs": {
      "inputs": {
        "flake-compat": "flake-compat",
        "flake-parts": "flake-parts",
        "nixpkgs": [
          "nixpkgs"
        ]
      },
      "locked": {
        "lastModified": 1770610508,
        "narHash": "sha256-zcVrlfMshXAFcvo2uca3jTefY+VtJ20McqwdaVQvqcI=",
        "owner": "Bazinga9000",
        "repo": "baz9k-pkgs",
        "rev": "49a8bd35b094dd41ef384c168e22c2e24e142f25",
        "type": "github"
      },
      "original": {
        "owner": "Bazinga9000",
        "repo": "baz9k-pkgs",
        "type": "github"
      }
    },
    "bizhawk": {
      "flake": false,
      "locked": {
        "lastModified": 1771051539,
        "narHash": "sha256-JN2OlJHHXRSOGpmPCkhPK9ffQEQGUXBkLc46pKbfWEs=",
        "owner": "TASEmulators",
        "repo": "BizHawk",
        "rev": "7b07976237a5339496c158de9ea768e0fa8cc908",
        "type": "github"
      },
      "original": {
        "owner": "TASEmulators",
        "repo": "BizHawk",
        "type": "github"
      }
    },
    "catppuccin": {
      "inputs": {
        "nixpkgs": [
          "nixpkgs"
        ]
      },
      "locked": {
        "lastModified": 1770551880,
        "narHash": "sha256-+cS5yXWsSLiK36+PP/+dcQdxpXSclx2d65p7l6Dis+A=",
        "owner": "catppuccin",
        "repo": "nix",
        "rev": "db4dfe3f2a80e9c33492d839accd49f75c7324c2",
        "type": "github"
      },
      "original": {
        "owner": "catppuccin",
        "repo": "nix",
        "type": "github"
      }
    },
    "crane": {
      "locked": {
        "lastModified": 1760924934,
        "narHash": "sha256-tuuqY5aU7cUkR71sO2TraVKK2boYrdW3gCSXUkF4i44=",
        "owner": "ipetkov",
        "repo": "crane",
        "rev": "c6b4d5308293d0d04fcfeee92705017537cad02f",
        "type": "github"
      },
      "original": {
        "owner": "ipetkov",
        "repo": "crane",
        "type": "github"
      }
    },
    "den": {
      "locked": {
        "lastModified": 1771034612,
        "narHash": "sha256-OPnii/4tJYUHytIufFkzbcz6K/9ihvqj7vAOTgf6KWg=",
        "owner": "vic",
        "repo": "den",
        "rev": "f9563fa9194c0c65abcfba56b0cbb67c7a7eb395",
        "type": "github"
      },
      "original": {
        "owner": "vic",
        "repo": "den",
        "type": "github"
      }
    },
    "flake-aspects": {
      "locked": {
        "lastModified": 1769723924,
        "narHash": "sha256-U15OaMr9AcJiB1wW2uCFzFO+DnQ3jJSvln+ZR/+Q0vE=",
        "owner": "vic",
        "repo": "flake-aspects",
        "rev": "61524836788ef6991a82e7d34ebb0ccc05d374ed",
        "type": "github"
      },
      "original": {
        "owner": "vic",
        "repo": "flake-aspects",
        "type": "github"
      }
    },
    "flake-compat": {
      "flake": false,
      "locked": {
        "lastModified": 1767039857,
        "narHash": "sha256-vNpUSpF5Nuw8xvDLj2KCwwksIbjua2LZCqhV1LNRDns=",
        "owner": "edolstra",
        "repo": "flake-compat",
        "rev": "5edf11c44bc78a0d334f6334cdaf7d60d732daab",
        "type": "github"
      },
      "original": {
        "owner": "edolstra",
        "repo": "flake-compat",
        "type": "github"
      }
    },
    "flake-compat_2": {
      "locked": {
        "lastModified": 1767039857,
        "narHash": "sha256-vNpUSpF5Nuw8xvDLj2KCwwksIbjua2LZCqhV1LNRDns=",
        "owner": "edolstra",
        "repo": "flake-compat",
        "rev": "5edf11c44bc78a0d334f6334cdaf7d60d732daab",
        "type": "github"
      },
      "original": {
        "owner": "edolstra",
        "repo": "flake-compat",
        "type": "github"
      }
    },
    "flake-compat_3": {
      "locked": {
        "lastModified": 1767039857,
        "narHash": "sha256-vNpUSpF5Nuw8xvDLj2KCwwksIbjua2LZCqhV1LNRDns=",
        "owner": "edolstra",
        "repo": "flake-compat",
        "rev": "5edf11c44bc78a0d334f6334cdaf7d60d732daab",
        "type": "github"
      },
      "original": {
        "owner": "edolstra",
        "repo": "flake-compat",
        "type": "github"
      }
    },
    "flake-compat_4": {
      "flake": false,
      "locked": {
        "lastModified": 1765121682,
        "narHash": "sha256-4VBOP18BFeiPkyhy9o4ssBNQEvfvv1kXkasAYd0+rrA=",
        "owner": "edolstra",
        "repo": "flake-compat",
        "rev": "65f23138d8d09a92e30f1e5c87611b23ef451bf3",
        "type": "github"
      },
      "original": {
        "owner": "edolstra",
        "repo": "flake-compat",
        "type": "github"
      }
    },
    "flake-file": {
      "locked": {
        "lastModified": 1771017549,
        "narHash": "sha256-n68HeYEQJ67hMH2LPI0cERD2pkpNe5dyeOGg11uZ7rc=",
        "owner": "vic",
        "repo": "flake-file",
        "rev": "9d89918faacdbd2ce26d0aa7298da0fecad8b437",
        "type": "github"
      },
      "original": {
        "owner": "vic",
        "repo": "flake-file",
        "type": "github"
      }
    },
    "flake-parts": {
      "inputs": {
        "nixpkgs-lib": "nixpkgs-lib"
      },
      "locked": {
        "lastModified": 1769996383,
        "narHash": "sha256-AnYjnFWgS49RlqX7LrC4uA+sCCDBj0Ry/WOJ5XWAsa0=",
        "owner": "hercules-ci",
        "repo": "flake-parts",
        "rev": "57928607ea566b5db3ad13af0e57e921e6b12381",
        "type": "github"
      },
      "original": {
        "owner": "hercules-ci",
        "repo": "flake-parts",
        "type": "github"
      }
    },
    "flake-parts_2": {
      "inputs": {
        "nixpkgs-lib": [
          "nixpkgs-lib"
        ]
      },
      "locked": {
        "lastModified": 1769996383,
        "narHash": "sha256-AnYjnFWgS49RlqX7LrC4uA+sCCDBj0Ry/WOJ5XWAsa0=",
        "owner": "hercules-ci",
        "repo": "flake-parts",
        "rev": "57928607ea566b5db3ad13af0e57e921e6b12381",
        "type": "github"
      },
      "original": {
        "owner": "hercules-ci",
        "repo": "flake-parts",
        "type": "github"
      }
    },
    "flake-parts_3": {
      "inputs": {
        "nixpkgs-lib": [
          "uiua",
          "nixpkgs"
        ]
      },
      "locked": {
        "lastModified": 1762040540,
        "narHash": "sha256-z5PlZ47j50VNF3R+IMS9LmzI5fYRGY/Z5O5tol1c9I4=",
        "owner": "hercules-ci",
        "repo": "flake-parts",
        "rev": "0010412d62a25d959151790968765a70c436598b",
        "type": "github"
      },
      "original": {
        "owner": "hercules-ci",
        "repo": "flake-parts",
        "type": "github"
      }
    },
    "flake-utils": {
      "inputs": {
        "systems": "systems"
      },
      "locked": {
        "lastModified": 1731533236,
        "narHash": "sha256-l0KFg5HjrsfsO/JpG+r7fRrqm12kzFHyUHqHCVpMMbI=",
        "owner": "numtide",
        "repo": "flake-utils",
        "rev": "11707dc2f618dd54ca8739b309ec4fc024de578b",
        "type": "github"
      },
      "original": {
        "owner": "numtide",
        "repo": "flake-utils",
        "type": "github"
      }
    },
    "home-manager": {
      "inputs": {
        "nixpkgs": [
          "nixpkgs"
        ]
      },
      "locked": {
        "lastModified": 1771037579,
        "narHash": "sha256-NX5XuhGcsmk0oEII2PEtMRgvh2KaAv3/WWQsOpxAgR4=",
        "owner": "nix-community",
        "repo": "home-manager",
        "rev": "05e6dc0f6ed936f918cb6f0f21f1dad1e4c53150",
        "type": "github"
      },
      "original": {
        "owner": "nix-community",
        "repo": "home-manager",
        "type": "github"
      }
    },
    "home-manager_2": {
      "inputs": {
        "nixpkgs": [
          "zen-browser",
          "nixpkgs"
        ]
      },
      "locked": {
        "lastModified": 1769872935,
        "narHash": "sha256-07HMIGQ/WJeAQJooA7Kkg1SDKxhAiV6eodvOwTX6WKI=",
        "owner": "nix-community",
        "repo": "home-manager",
        "rev": "f4ad5068ee8e89e4a7c2e963e10dd35cd77b37b7",
        "type": "github"
      },
      "original": {
        "owner": "nix-community",
        "repo": "home-manager",
        "type": "github"
      }
    },
    "hytale-launcher": {
      "inputs": {
        "flake-utils": "flake-utils",
        "nixpkgs": [
          "nixpkgs"
        ]
      },
      "locked": {
        "lastModified": 1768349407,
        "narHash": "sha256-T8wgwnZcDLpAU9tQ1OUSYqFv2EYWkwH3+7R+cOnpak4=",
        "owner": "TNAZEP",
        "repo": "HytaleLauncherFlake",
        "rev": "52bde7280b55863f9cc21cc1c063c7f657206fb6",
        "type": "github"
      },
      "original": {
        "owner": "TNAZEP",
        "repo": "HytaleLauncherFlake",
        "type": "github"
      }
    },
    "import-tree": {
      "locked": {
        "lastModified": 1771045967,
        "narHash": "sha256-oYO4poyw0Sb/db2PigqugMlDwsvwLg6CSpFrMUWxA3Q=",
        "owner": "vic",
        "repo": "import-tree",
        "rev": "c968d3b54d12cf5d9c13f16f7c545a06c9d1fde6",
        "type": "github"
      },
      "original": {
        "owner": "vic",
        "repo": "import-tree",
        "type": "github"
      }
    },
    "nix-alien": {
      "inputs": {
        "flake-compat": "flake-compat_3",
        "nix-index-database": "nix-index-database",
        "nixpkgs": "nixpkgs"
      },
      "locked": {
        "lastModified": 1768904356,
        "narHash": "sha256-TIG8J+Or8nOydy8TztvtIshnprlf1q6XDIJnopLtMlA=",
        "owner": "thiagokokada",
        "repo": "nix-alien",
        "rev": "d95b25a4dd6da2a1dfeaaf66163d0a281a8270e9",
        "type": "github"
      },
      "original": {
        "owner": "thiagokokada",
        "repo": "nix-alien",
        "type": "github"
      }
    },
    "nix-index-database": {
      "inputs": {
        "nixpkgs": [
          "nix-alien",
          "nixpkgs"
        ]
      },
      "locked": {
        "lastModified": 1765267181,
        "narHash": "sha256-d3NBA9zEtBu2JFMnTBqWj7Tmi7R5OikoU2ycrdhQEws=",
        "owner": "nix-community",
        "repo": "nix-index-database",
        "rev": "82befcf7dc77c909b0f2a09f5da910ec95c5b78f",
        "type": "github"
      },
      "original": {
        "owner": "nix-community",
        "repo": "nix-index-database",
        "type": "github"
      }
    },
    "nix-vscode-extensions": {
      "inputs": {
        "nixpkgs": [
          "nixpkgs"
        ]
      },
      "locked": {
        "lastModified": 1771036856,
        "narHash": "sha256-1pL5vJFOelM+ea8nTtcwWtRG7mfSB/oq3TYcfLcTcss=",
        "owner": "nix-community",
        "repo": "nix-vscode-extensions",
        "rev": "0b00712eebc0fcba27b88a79d0444ca7cb9af234",
        "type": "github"
      },
      "original": {
        "owner": "nix-community",
        "repo": "nix-vscode-extensions",
        "type": "github"
      }
    },
    "nixpkgs": {
      "locked": {
        "lastModified": 1768305791,
        "narHash": "sha256-AIdl6WAn9aymeaH/NvBj0H9qM+XuAuYbGMZaP0zcXAQ=",
        "owner": "NixOS",
        "repo": "nixpkgs",
        "rev": "1412caf7bf9e660f2f962917c14b1ea1c3bc695e",
        "type": "github"
      },
      "original": {
        "owner": "NixOS",
        "ref": "nixos-unstable",
        "repo": "nixpkgs",
        "type": "github"
      }
    },
    "nixpkgs-lib": {
      "locked": {
        "lastModified": 1769909678,
        "narHash": "sha256-cBEymOf4/o3FD5AZnzC3J9hLbiZ+QDT/KDuyHXVJOpM=",
        "owner": "nix-community",
        "repo": "nixpkgs.lib",
        "rev": "72716169fe93074c333e8d0173151350670b824c",
        "type": "github"
      },
      "original": {
        "owner": "nix-community",
        "repo": "nixpkgs.lib",
        "type": "github"
      }
    },
    "nixpkgs-patch-balatro": {
      "flake": false,
      "locked": {
        "narHash": "sha256-r6jbYrIq0FEhEiOycsYpuo+rvmQ7/mBKNMYWpg21vEo=",
        "type": "file",
        "url": "https://github.com/NixOS/nixpkgs/pull/487860.diff"
      },
      "original": {
        "type": "file",
        "url": "https://github.com/NixOS/nixpkgs/pull/487860.diff"
      }
    },
    "nixpkgs-patch-balatro-rebase": {
      "flake": false,
      "locked": {
        "narHash": "sha256-XB2MqP2Qt1/F/jL3Y5n9m5gkBCQeM5fIkLkNusvLv2A=",
        "type": "file",
        "url": "https://github.com/NixOS/nixpkgs/pull/489805.diff"
      },
      "original": {
        "type": "file",
        "url": "https://github.com/NixOS/nixpkgs/pull/489805.diff"
      }
    },
    "nixpkgs-patch-hytale": {
      "flake": false,
      "locked": {
        "narHash": "sha256-cnZk0a1ToB9YligP6GpeI5kqWPt571GBmxKa8KKJbpw=",
        "type": "file",
        "url": "https://github.com/NixOS/nixpkgs/pull/479368.diff"
      },
      "original": {
        "type": "file",
        "url": "https://github.com/NixOS/nixpkgs/pull/479368.diff"
      }
    },
    "nixpkgs-patcher": {
      "locked": {
        "lastModified": 1769207991,
        "narHash": "sha256-SwGLSB3H/Lq2gPa2/yCtmcUn8E/fVuPtZ5qnjrDj62s=",
        "owner": "gepbird",
        "repo": "nixpkgs-patcher",
        "rev": "2e59a7b94478f67e3ac2b221f737fe75c2175edc",
        "type": "github"
      },
      "original": {
        "owner": "gepbird",
        "repo": "nixpkgs-patcher",
        "type": "github"
      }
    },
    "nixpkgs_2": {
      "locked": {
        "lastModified": 1770841267,
        "narHash": "sha256-9xejG0KoqsoKEGp2kVbXRlEYtFFcDTHjidiuX8hGO44=",
        "owner": "NixOS",
        "repo": "nixpkgs",
        "rev": "ec7c70d12ce2fc37cb92aff673dcdca89d187bae",
        "type": "github"
      },
      "original": {
        "id": "nixpkgs",
        "ref": "nixos-unstable",
        "type": "indirect"
      }
    },
    "purescript-overlay": {
      "inputs": {
        "flake-compat": "flake-compat_4",
        "nixpkgs": [
          "nixpkgs"
        ]
      },
      "locked": {
        "lastModified": 1769971816,
        "narHash": "sha256-6WdiHwc7cM07ttMh3JQslHzmwL9+RaDvf2OwZ0bsWu0=",
        "owner": "thomashoneyman",
        "repo": "purescript-overlay",
        "rev": "af71d25ea276b03c46e79cf6ef59edd0a938dfd3",
        "type": "github"
      },
      "original": {
        "owner": "thomashoneyman",
        "repo": "purescript-overlay",
        "type": "github"
      }
    },
    "root": {
      "inputs": {
        "baz9k-pkgs": "baz9k-pkgs",
        "bizhawk": "bizhawk",
        "catppuccin": "catppuccin",
        "den": "den",
        "flake-aspects": "flake-aspects",
        "flake-compat": "flake-compat_2",
        "flake-file": "flake-file",
        "flake-parts": "flake-parts_2",
        "home-manager": "home-manager",
        "hytale-launcher": "hytale-launcher",
        "import-tree": "import-tree",
        "nix-alien": "nix-alien",
        "nix-vscode-extensions": "nix-vscode-extensions",
        "nixpkgs": "nixpkgs_2",
        "nixpkgs-lib": [
          "nixpkgs"
        ],
        "nixpkgs-patch-balatro": "nixpkgs-patch-balatro",
        "nixpkgs-patch-balatro-rebase": "nixpkgs-patch-balatro-rebase",
        "nixpkgs-patch-hytale": "nixpkgs-patch-hytale",
        "nixpkgs-patcher": "nixpkgs-patcher",
        "purescript-overlay": "purescript-overlay",
        "systems": "systems_2",
        "uiua": "uiua",
        "zen-browser": "zen-browser"
      }
    },
    "rust-overlay": {
      "inputs": {
        "nixpkgs": [
          "uiua",
          "nixpkgs"
        ]
      },
      "locked": {
        "lastModified": 1761964689,
        "narHash": "sha256-Zo3LQQDz+64EQ9zor/WmeNTFLoZkjmhp0UY3G0D3seE=",
        "owner": "oxalica",
        "repo": "rust-overlay",
        "rev": "63d22578600f70d293aede6bc737efef60ebd97f",
        "type": "github"
      },
      "original": {
        "owner": "oxalica",
        "repo": "rust-overlay",
        "type": "github"
      }
    },
    "systems": {
      "locked": {
        "lastModified": 1681028828,
        "narHash": "sha256-Vy1rq5AaRuLzOxct8nz4T6wlgyUR7zLU309k9mBC768=",
        "owner": "nix-systems",
        "repo": "default",
        "rev": "da67096a3b9bf56a91d16901293e51ba5b49a27e",
        "type": "github"
      },
      "original": {
        "owner": "nix-systems",
        "repo": "default",
        "type": "github"
      }
    },
    "systems_2": {
      "locked": {
        "lastModified": 1681028828,
        "narHash": "sha256-Vy1rq5AaRuLzOxct8nz4T6wlgyUR7zLU309k9mBC768=",
        "owner": "nix-systems",
        "repo": "default",
        "rev": "da67096a3b9bf56a91d16901293e51ba5b49a27e",
        "type": "github"
      },
      "original": {
        "owner": "nix-systems",
        "repo": "default",
        "type": "github"
      }
    },
    "uiua": {
      "inputs": {
        "crane": "crane",
        "flake-parts": "flake-parts_3",
        "nixpkgs": [
          "nixpkgs"
        ],
        "rust-overlay": "rust-overlay"
      },
      "locked": {
        "lastModified": 1771019080,
        "narHash": "sha256-fqQP7O/lOXmEbPc9TM3k7gKUAJtWOBFKFdZYCxTJYS0=",
        "owner": "uiua-lang",
        "repo": "uiua",
        "rev": "1203ac46b3da344e6910e85f5cde395ac79dacd8",
        "type": "github"
      },
      "original": {
        "owner": "uiua-lang",
        "repo": "uiua",
        "type": "github"
      }
    },
    "zen-browser": {
      "inputs": {
        "home-manager": "home-manager_2",
        "nixpkgs": [
          "nixpkgs"
        ]
      },
      "locked": {
        "lastModified": 1771044129,
        "narHash": "sha256-OSzHHcBgPZm8T0HpGMQECEorivx8ZjgCJtU9NKxKkZU=",
        "owner": "0xc000022070",
        "repo": "zen-browser-flake",
        "rev": "df05513b317af4cb7b57e0c4e60b6aa03651d076",
        "type": "github"
      },
      "original": {
        "owner": "0xc000022070",
        "repo": "zen-browser-flake",
        "type": "github"
      }
    }
  },
  "root": "root",
  "version": 7
}
